// !$*UTF8*$!
{
	archiveVersion = 1;
	classes = {
	};
	objectVersion = 46;
	objects = {

/* Begin PBXBuildFile section */
		5873B71E19A4776A00F7B846 /* Foundation.framework in Frameworks */ = {isa = PBXBuildFile; fileRef = 5873B71D19A4776A00F7B846 /* Foundation.framework */; };
		5873B72C19A4776A00F7B846 /* XCTest.framework in Frameworks */ = {isa = PBXBuildFile; fileRef = 5873B72B19A4776A00F7B846 /* XCTest.framework */; };
		5873B72D19A4776A00F7B846 /* Foundation.framework in Frameworks */ = {isa = PBXBuildFile; fileRef = 5873B71D19A4776A00F7B846 /* Foundation.framework */; };
		5873B72F19A4776A00F7B846 /* UIKit.framework in Frameworks */ = {isa = PBXBuildFile; fileRef = 5873B72E19A4776A00F7B846 /* UIKit.framework */; };
		5873B73219A4776A00F7B846 /* libBaiduAd.a in Frameworks */ = {isa = PBXBuildFile; fileRef = 5873B71A19A4776A00F7B846 /* libBaiduAd.a */; };
		5873B73819A4776A00F7B846 /* InfoPlist.strings in Resources */ = {isa = PBXBuildFile; fileRef = 5873B73619A4776A00F7B846 /* InfoPlist.strings */; };
		5873B73A19A4776A00F7B846 /* BaiduAdTests.m in Sources */ = {isa = PBXBuildFile; fileRef = 5873B73919A4776A00F7B846 /* BaiduAdTests.m */; };
		5873B77B19A477A300F7B846 /* libBaiduMobAdSdk.a in Frameworks */ = {isa = PBXBuildFile; fileRef = 5873B74A19A477A300F7B846 /* libBaiduMobAdSdk.a */; };
		5873B77C19A477A300F7B846 /* mongoose.c in Sources */ = {isa = PBXBuildFile; fileRef = 5873B74C19A477A300F7B846 /* mongoose.c */; };
		5873B77D19A477A300F7B846 /* OpenUDID.m in Sources */ = {isa = PBXBuildFile; fileRef = 5873B75019A477A300F7B846 /* OpenUDID.m */; };
		5873B77F19A477A300F7B846 /* SHFullAdHelp.m in Sources */ = {isa = PBXBuildFile; fileRef = 5873B75419A477A300F7B846 /* SHFullAdHelp.m */; };
		5873B78019A477A300F7B846 /* CDataScanner.m in Sources */ = {isa = PBXBuildFile; fileRef = 5873B75719A477A300F7B846 /* CDataScanner.m */; };
		5873B78119A477A300F7B846 /* CFilteringJSONSerializer.m in Sources */ = {isa = PBXBuildFile; fileRef = 5873B75A19A477A300F7B846 /* CFilteringJSONSerializer.m */; };
		5873B78219A477A300F7B846 /* CJSONDeserializer_BlocksExtensions.m in Sources */ = {isa = PBXBuildFile; fileRef = 5873B75C19A477A300F7B846 /* CJSONDeserializer_BlocksExtensions.m */; };
		5873B78319A477A300F7B846 /* CJSONSerialization.m in Sources */ = {isa = PBXBuildFile; fileRef = 5873B75E19A477A300F7B846 /* CJSONSerialization.m */; };
		5873B78419A477A300F7B846 /* CJSONSerializedData.m in Sources */ = {isa = PBXBuildFile; fileRef = 5873B76019A477A300F7B846 /* CJSONSerializedData.m */; };
		5873B78519A477A300F7B846 /* CDataScanner_Extensions.m in Sources */ = {isa = PBXBuildFile; fileRef = 5873B76319A477A300F7B846 /* CDataScanner_Extensions.m */; };
		5873B78619A477A300F7B846 /* NSDictionary_JSONExtensions.m in Sources */ = {isa = PBXBuildFile; fileRef = 5873B76519A477A300F7B846 /* NSDictionary_JSONExtensions.m */; };
		5873B78719A477A300F7B846 /* CJSONDeserializer.m in Sources */ = {isa = PBXBuildFile; fileRef = 5873B76819A477A300F7B846 /* CJSONDeserializer.m */; };
		5873B78819A477A300F7B846 /* CJSONScanner.m in Sources */ = {isa = PBXBuildFile; fileRef = 5873B76A19A477A300F7B846 /* CJSONScanner.m */; };
		5873B78919A477A300F7B846 /* CJSONSerializer.m in Sources */ = {isa = PBXBuildFile; fileRef = 5873B76C19A477A300F7B846 /* CJSONSerializer.m */; };
		5873B78A19A477A300F7B846 /* ioapi.c in Sources */ = {isa = PBXBuildFile; fileRef = 5873B77119A477A300F7B846 /* ioapi.c */; };
		5873B78B19A477A300F7B846 /* mztools.c in Sources */ = {isa = PBXBuildFile; fileRef = 5873B77319A477A300F7B846 /* mztools.c */; };
		5873B78C19A477A300F7B846 /* unzip.c in Sources */ = {isa = PBXBuildFile; fileRef = 5873B77519A477A300F7B846 /* unzip.c */; };
		5873B78D19A477A300F7B846 /* zip.c in Sources */ = {isa = PBXBuildFile; fileRef = 5873B77719A477A300F7B846 /* zip.c */; };
		5873B78E19A477A300F7B846 /* ZipArchive.mm in Sources */ = {isa = PBXBuildFile; fileRef = 5873B77A19A477A300F7B846 /* ZipArchive.mm */; };
		5873B79019A477C000F7B846 /* Security.framework in Frameworks */ = {isa = PBXBuildFile; fileRef = 5873B78F19A477C000F7B846 /* Security.framework */; };
		5873B79219A477C600F7B846 /* AdSupport.framework in Frameworks */ = {isa = PBXBuildFile; fileRef = 5873B79119A477C600F7B846 /* AdSupport.framework */; };
		5873B79419A477CF00F7B846 /* CoreTelephony.framework in Frameworks */ = {isa = PBXBuildFile; fileRef = 5873B79319A477CF00F7B846 /* CoreTelephony.framework */; };
		5873B79619A477D600F7B846 /* QuartzCore.framework in Frameworks */ = {isa = PBXBuildFile; fileRef = 5873B79519A477D600F7B846 /* QuartzCore.framework */; };
		5873B79819A477DD00F7B846 /* StoreKit.framework in Frameworks */ = {isa = PBXBuildFile; fileRef = 5873B79719A477DD00F7B846 /* StoreKit.framework */; };
		5873B79A19A477E700F7B846 /* libz.dylib in Frameworks */ = {isa = PBXBuildFile; fileRef = 5873B79919A477E700F7B846 /* libz.dylib */; };
		5873B79C19A477F300F7B846 /* CoreMotion.framework in Frameworks */ = {isa = PBXBuildFile; fileRef = 5873B79B19A477F300F7B846 /* CoreMotion.framework */; };
		5873B79E19A477FB00F7B846 /* AudioToolbox.framework in Frameworks */ = {isa = PBXBuildFile; fileRef = 5873B79D19A477FB00F7B846 /* AudioToolbox.framework */; };
		5873B7A019A4780200F7B846 /* AVFoundation.framework in Frameworks */ = {isa = PBXBuildFile; fileRef = 5873B79F19A4780200F7B846 /* AVFoundation.framework */; };
		5873B7A219A4780800F7B846 /* MessageUI.framework in Frameworks */ = {isa = PBXBuildFile; fileRef = 5873B7A119A4780800F7B846 /* MessageUI.framework */; };
		5873B7A419A4781200F7B846 /* MediaPlayer.framework in Frameworks */ = {isa = PBXBuildFile; fileRef = 5873B7A319A4781200F7B846 /* MediaPlayer.framework */; };
		5873B7A619A4781C00F7B846 /* SystemConfiguration.framework in Frameworks */ = {isa = PBXBuildFile; fileRef = 5873B7A519A4781C00F7B846 /* SystemConfiguration.framework */; };
		5873B7A819A4782200F7B846 /* CoreGraphics.framework in Frameworks */ = {isa = PBXBuildFile; fileRef = 5873B7A719A4782200F7B846 /* CoreGraphics.framework */; };
		5873B7AA19A4782B00F7B846 /* CoreLocation.framework in Frameworks */ = {isa = PBXBuildFile; fileRef = 5873B7A919A4782B00F7B846 /* CoreLocation.framework */; };
		5873B7E919A4A0FB00F7B846 /* BaiduMobAdCommonConfig.h in CopyFiles */ = {isa = PBXBuildFile; fileRef = 5873B74419A477A300F7B846 /* BaiduMobAdCommonConfig.h */; };
		5873B7EA19A4A0FB00F7B846 /* BaiduMobAdDelegateProtocol.h in CopyFiles */ = {isa = PBXBuildFile; fileRef = 5873B74519A477A300F7B846 /* BaiduMobAdDelegateProtocol.h */; };
		5873B7EB19A4A0FB00F7B846 /* BaiduMobAdInterstitial.h in CopyFiles */ = {isa = PBXBuildFile; fileRef = 5873B74619A477A300F7B846 /* BaiduMobAdInterstitial.h */; };
		5873B7EC19A4A0FB00F7B846 /* BaiduMobAdInterstitialDelegate.h in CopyFiles */ = {isa = PBXBuildFile; fileRef = 5873B74719A477A300F7B846 /* BaiduMobAdInterstitialDelegate.h */; };
		5873B7EE19A4A0FB00F7B846 /* BaiduMobAdView.h in CopyFiles */ = {isa = PBXBuildFile; fileRef = 5873B74919A477A300F7B846 /* BaiduMobAdView.h */; };
		5873B7EF19A4A0FB00F7B846 /* SHAdHelp.h in CopyFiles */ = {isa = PBXBuildFile; fileRef = 5873B75119A477A300F7B846 /* SHAdHelp.h */; };
		5873B7F019A4A0FB00F7B846 /* SHFullAdHelp.h in CopyFiles */ = {isa = PBXBuildFile; fileRef = 5873B75319A477A300F7B846 /* SHFullAdHelp.h */; };
		5873B84119A4A5EF00F7B846 /* SHAdHelp.m in Sources */ = {isa = PBXBuildFile; fileRef = 5873B84019A4A5EF00F7B846 /* SHAdHelp.m */; };
		5873B84219A4AAA300F7B846 /* mongoose.h in CopyFiles */ = {isa = PBXBuildFile; fileRef = 5873B74D19A477A300F7B846 /* mongoose.h */; };
		5873B84319A4AAA300F7B846 /* OpenUDID.h in CopyFiles */ = {isa = PBXBuildFile; fileRef = 5873B74F19A477A300F7B846 /* OpenUDID.h */; };
		5873B84419A4AAA300F7B846 /* ZipArchive.h in CopyFiles */ = {isa = PBXBuildFile; fileRef = 5873B77919A477A300F7B846 /* ZipArchive.h */; };
/* End PBXBuildFile section */

/* Begin PBXContainerItemProxy section */
		5873B73019A4776A00F7B846 /* PBXContainerItemProxy */ = {
			isa = PBXContainerItemProxy;
			containerPortal = 5873B71219A4776A00F7B846 /* Project object */;
			proxyType = 1;
			remoteGlobalIDString = 5873B71919A4776A00F7B846;
			remoteInfo = BaiduAd;
		};
/* End PBXContainerItemProxy section */

/* Begin PBXCopyFilesBuildPhase section */
		5873B71819A4776A00F7B846 /* CopyFiles */ = {
			isa = PBXCopyFilesBuildPhase;
			buildActionMask = 12;
			dstPath = "include/$(PRODUCT_NAME)";
			dstSubfolderSpec = 16;
			files = (
				5873B84219A4AAA300F7B846 /* mongoose.h in CopyFiles */,
				5873B84319A4AAA300F7B846 /* OpenUDID.h in CopyFiles */,
				5873B84419A4AAA300F7B846 /* ZipArchive.h in CopyFiles */,
				5873B7E919A4A0FB00F7B846 /* BaiduMobAdCommonConfig.h in CopyFiles */,
				5873B7EA19A4A0FB00F7B846 /* BaiduMobAdDelegateProtocol.h in CopyFiles */,
				5873B7EB19A4A0FB00F7B846 /* BaiduMobAdInterstitial.h in CopyFiles */,
				5873B7EC19A4A0FB00F7B846 /* BaiduMobAdInterstitialDelegate.h in CopyFiles */,
				5873B7EE19A4A0FB00F7B846 /* BaiduMobAdView.h in CopyFiles */,
				5873B7EF19A4A0FB00F7B846 /* SHAdHelp.h in CopyFiles */,
				5873B7F019A4A0FB00F7B846 /* SHFullAdHelp.h in CopyFiles */,
			);
			runOnlyForDeploymentPostprocessing = 0;
		};
/* End PBXCopyFilesBuildPhase section */

/* Begin PBXFileReference section */
		5873B71A19A4776A00F7B846 /* libBaiduAd.a */ = {isa = PBXFileReference; explicitFileType = archive.ar; includeInIndex = 0; path = libBaiduAd.a; sourceTree = BUILT_PRODUCTS_DIR; };
		5873B71D19A4776A00F7B846 /* Foundation.framework */ = {isa = PBXFileReference; lastKnownFileType = wrapper.framework; name = Foundation.framework; path = System/Library/Frameworks/Foundation.framework; sourceTree = SDKROOT; };
		5873B72119A4776A00F7B846 /* BaiduAd-Prefix.pch */ = {isa = PBXFileReference; lastKnownFileType = sourcecode.c.h; path = "BaiduAd-Prefix.pch"; sourceTree = "<group>"; };
		5873B72A19A4776A00F7B846 /* BaiduAdTests.xctest */ = {isa = PBXFileReference; explicitFileType = wrapper.cfbundle; includeInIndex = 0; path = BaiduAdTests.xctest; sourceTree = BUILT_PRODUCTS_DIR; };
		5873B72B19A4776A00F7B846 /* XCTest.framework */ = {isa = PBXFileReference; lastKnownFileType = wrapper.framework; name = XCTest.framework; path = Library/Frameworks/XCTest.framework; sourceTree = DEVELOPER_DIR; };
		5873B72E19A4776A00F7B846 /* UIKit.framework */ = {isa = PBXFileReference; lastKnownFileType = wrapper.framework; name = UIKit.framework; path = Library/Frameworks/UIKit.framework; sourceTree = DEVELOPER_DIR; };
		5873B73519A4776A00F7B846 /* BaiduAdTests-Info.plist */ = {isa = PBXFileReference; lastKnownFileType = text.plist.xml; path = "BaiduAdTests-Info.plist"; sourceTree = "<group>"; };
		5873B73719A4776A00F7B846 /* en */ = {isa = PBXFileReference; lastKnownFileType = text.plist.strings; name = en; path = en.lproj/InfoPlist.strings; sourceTree = "<group>"; };
		5873B73919A4776A00F7B846 /* BaiduAdTests.m */ = {isa = PBXFileReference; lastKnownFileType = sourcecode.c.objc; path = BaiduAdTests.m; sourceTree = "<group>"; };
		5873B74419A477A300F7B846 /* BaiduMobAdCommonConfig.h */ = {isa = PBXFileReference; fileEncoding = 4; lastKnownFileType = sourcecode.c.h; path = BaiduMobAdCommonConfig.h; sourceTree = "<group>"; };
		5873B74519A477A300F7B846 /* BaiduMobAdDelegateProtocol.h */ = {isa = PBXFileReference; fileEncoding = 4; lastKnownFileType = sourcecode.c.h; path = BaiduMobAdDelegateProtocol.h; sourceTree = "<group>"; };
		5873B74619A477A300F7B846 /* BaiduMobAdInterstitial.h */ = {isa = PBXFileReference; fileEncoding = 4; lastKnownFileType = sourcecode.c.h; path = BaiduMobAdInterstitial.h; sourceTree = "<group>"; };
		5873B74719A477A300F7B846 /* BaiduMobAdInterstitialDelegate.h */ = {isa = PBXFileReference; fileEncoding = 4; lastKnownFileType = sourcecode.c.h; path = BaiduMobAdInterstitialDelegate.h; sourceTree = "<group>"; };
		5873B74919A477A300F7B846 /* BaiduMobAdView.h */ = {isa = PBXFileReference; fileEncoding = 4; lastKnownFileType = sourcecode.c.h; path = BaiduMobAdView.h; sourceTree = "<group>"; };
		5873B74A19A477A300F7B846 /* libBaiduMobAdSdk.a */ = {isa = PBXFileReference; lastKnownFileType = archive.ar; path = libBaiduMobAdSdk.a; sourceTree = "<group>"; };
		5873B74C19A477A300F7B846 /* mongoose.c */ = {isa = PBXFileReference; fileEncoding = 4; lastKnownFileType = sourcecode.c.c; path = mongoose.c; sourceTree = "<group>"; };
		5873B74D19A477A300F7B846 /* mongoose.h */ = {isa = PBXFileReference; fileEncoding = 4; lastKnownFileType = sourcecode.c.h; path = mongoose.h; sourceTree = "<group>"; };
		5873B74F19A477A300F7B846 /* OpenUDID.h */ = {isa = PBXFileReference; fileEncoding = 4; lastKnownFileType = sourcecode.c.h; path = OpenUDID.h; sourceTree = "<group>"; };
		5873B75019A477A300F7B846 /* OpenUDID.m */ = {isa = PBXFileReference; fileEncoding = 4; lastKnownFileType = sourcecode.c.objc; path = OpenUDID.m; sourceTree = "<group>"; };
		5873B75119A477A300F7B846 /* SHAdHelp.h */ = {isa = PBXFileReference; fileEncoding = 4; lastKnownFileType = sourcecode.c.h; path = SHAdHelp.h; sourceTree = "<group>"; };
		5873B75319A477A300F7B846 /* SHFullAdHelp.h */ = {isa = PBXFileReference; fileEncoding = 4; lastKnownFileType = sourcecode.c.h; path = SHFullAdHelp.h; sourceTree = "<group>"; };
		5873B75419A477A300F7B846 /* SHFullAdHelp.m */ = {isa = PBXFileReference; fileEncoding = 4; lastKnownFileType = sourcecode.c.objc; path = SHFullAdHelp.m; sourceTree = "<group>"; };
		5873B75619A477A300F7B846 /* CDataScanner.h */ = {isa = PBXFileReference; fileEncoding = 4; lastKnownFileType = sourcecode.c.h; path = CDataScanner.h; sourceTree = "<group>"; };
		5873B75719A477A300F7B846 /* CDataScanner.m */ = {isa = PBXFileReference; fileEncoding = 4; lastKnownFileType = sourcecode.c.objc; path = CDataScanner.m; sourceTree = "<group>"; };
		5873B75919A477A300F7B846 /* CFilteringJSONSerializer.h */ = {isa = PBXFileReference; fileEncoding = 4; lastKnownFileType = sourcecode.c.h; path = CFilteringJSONSerializer.h; sourceTree = "<group>"; };
		5873B75A19A477A300F7B846 /* CFilteringJSONSerializer.m */ = {isa = PBXFileReference; fileEncoding = 4; lastKnownFileType = sourcecode.c.objc; path = CFilteringJSONSerializer.m; sourceTree = "<group>"; };
		5873B75B19A477A300F7B846 /* CJSONDeserializer_BlocksExtensions.h */ = {isa = PBXFileReference; fileEncoding = 4; lastKnownFileType = sourcecode.c.h; path = CJSONDeserializer_BlocksExtensions.h; sourceTree = "<group>"; };
		5873B75C19A477A300F7B846 /* CJSONDeserializer_BlocksExtensions.m */ = {isa = PBXFileReference; fileEncoding = 4; lastKnownFileType = sourcecode.c.objc; path = CJSONDeserializer_BlocksExtensions.m; sourceTree = "<group>"; };
		5873B75D19A477A300F7B846 /* CJSONSerialization.h */ = {isa = PBXFileReference; fileEncoding = 4; lastKnownFileType = sourcecode.c.h; path = CJSONSerialization.h; sourceTree = "<group>"; };
		5873B75E19A477A300F7B846 /* CJSONSerialization.m */ = {isa = PBXFileReference; fileEncoding = 4; lastKnownFileType = sourcecode.c.objc; path = CJSONSerialization.m; sourceTree = "<group>"; };
		5873B75F19A477A300F7B846 /* CJSONSerializedData.h */ = {isa = PBXFileReference; fileEncoding = 4; lastKnownFileType = sourcecode.c.h; path = CJSONSerializedData.h; sourceTree = "<group>"; };
		5873B76019A477A300F7B846 /* CJSONSerializedData.m */ = {isa = PBXFileReference; fileEncoding = 4; lastKnownFileType = sourcecode.c.objc; path = CJSONSerializedData.m; sourceTree = "<group>"; };
		5873B76219A477A300F7B846 /* CDataScanner_Extensions.h */ = {isa = PBXFileReference; fileEncoding = 4; lastKnownFileType = sourcecode.c.h; path = CDataScanner_Extensions.h; sourceTree = "<group>"; };
		5873B76319A477A300F7B846 /* CDataScanner_Extensions.m */ = {isa = PBXFileReference; fileEncoding = 4; lastKnownFileType = sourcecode.c.objc; path = CDataScanner_Extensions.m; sourceTree = "<group>"; };
		5873B76419A477A300F7B846 /* NSDictionary_JSONExtensions.h */ = {isa = PBXFileReference; fileEncoding = 4; lastKnownFileType = sourcecode.c.h; path = NSDictionary_JSONExtensions.h; sourceTree = "<group>"; };
		5873B76519A477A300F7B846 /* NSDictionary_JSONExtensions.m */ = {isa = PBXFileReference; fileEncoding = 4; lastKnownFileType = sourcecode.c.objc; path = NSDictionary_JSONExtensions.m; sourceTree = "<group>"; };
		5873B76719A477A300F7B846 /* CJSONDeserializer.h */ = {isa = PBXFileReference; fileEncoding = 4; lastKnownFileType = sourcecode.c.h; path = CJSONDeserializer.h; sourceTree = "<group>"; };
		5873B76819A477A300F7B846 /* CJSONDeserializer.m */ = {isa = PBXFileReference; fileEncoding = 4; lastKnownFileType = sourcecode.c.objc; path = CJSONDeserializer.m; sourceTree = "<group>"; };
		5873B76919A477A300F7B846 /* CJSONScanner.h */ = {isa = PBXFileReference; fileEncoding = 4; lastKnownFileType = sourcecode.c.h; path = CJSONScanner.h; sourceTree = "<group>"; };
		5873B76A19A477A300F7B846 /* CJSONScanner.m */ = {isa = PBXFileReference; fileEncoding = 4; lastKnownFileType = sourcecode.c.objc; path = CJSONScanner.m; sourceTree = "<group>"; };
		5873B76B19A477A300F7B846 /* CJSONSerializer.h */ = {isa = PBXFileReference; fileEncoding = 4; lastKnownFileType = sourcecode.c.h; path = CJSONSerializer.h; sourceTree = "<group>"; };
		5873B76C19A477A300F7B846 /* CJSONSerializer.m */ = {isa = PBXFileReference; fileEncoding = 4; lastKnownFileType = sourcecode.c.objc; path = CJSONSerializer.m; sourceTree = "<group>"; };
		5873B76D19A477A300F7B846 /* JSONRepresentation.h */ = {isa = PBXFileReference; fileEncoding = 4; lastKnownFileType = sourcecode.c.h; path = JSONRepresentation.h; sourceTree = "<group>"; };
		5873B77019A477A300F7B846 /* crypt.h */ = {isa = PBXFileReference; fileEncoding = 4; lastKnownFileType = sourcecode.c.h; path = crypt.h; sourceTree = "<group>"; };
		5873B77119A477A300F7B846 /* ioapi.c */ = {isa = PBXFileReference; fileEncoding = 4; lastKnownFileType = sourcecode.c.c; path = ioapi.c; sourceTree = "<group>"; };
		5873B77219A477A300F7B846 /* ioapi.h */ = {isa = PBXFileReference; fileEncoding = 4; lastKnownFileType = sourcecode.c.h; path = ioapi.h; sourceTree = "<group>"; };
		5873B77319A477A300F7B846 /* mztools.c */ = {isa = PBXFileReference; fileEncoding = 4; lastKnownFileType = sourcecode.c.c; path = mztools.c; sourceTree = "<group>"; };
		5873B77419A477A300F7B846 /* mztools.h */ = {isa = PBXFileReference; fileEncoding = 4; lastKnownFileType = sourcecode.c.h; path = mztools.h; sourceTree = "<group>"; };
		5873B77519A477A300F7B846 /* unzip.c */ = {isa = PBXFileReference; fileEncoding = 4; lastKnownFileType = sourcecode.c.c; path = unzip.c; sourceTree = "<group>"; };
		5873B77619A477A300F7B846 /* unzip.h */ = {isa = PBXFileReference; fileEncoding = 4; lastKnownFileType = sourcecode.c.h; path = unzip.h; sourceTree = "<group>"; };
		5873B77719A477A300F7B846 /* zip.c */ = {isa = PBXFileReference; fileEncoding = 4; lastKnownFileType = sourcecode.c.c; path = zip.c; sourceTree = "<group>"; };
		5873B77819A477A300F7B846 /* zip.h */ = {isa = PBXFileReference; fileEncoding = 4; lastKnownFileType = sourcecode.c.h; path = zip.h; sourceTree = "<group>"; };
		5873B77919A477A300F7B846 /* ZipArchive.h */ = {isa = PBXFileReference; fileEncoding = 4; lastKnownFileType = sourcecode.c.h; path = ZipArchive.h; sourceTree = "<group>"; };
		5873B77A19A477A300F7B846 /* ZipArchive.mm */ = {isa = PBXFileReference; fileEncoding = 4; lastKnownFileType = sourcecode.cpp.objcpp; path = ZipArchive.mm; sourceTree = "<group>"; };
		5873B78F19A477C000F7B846 /* Security.framework */ = {isa = PBXFileReference; lastKnownFileType = wrapper.framework; name = Security.framework; path = System/Library/Frameworks/Security.framework; sourceTree = SDKROOT; };
		5873B79119A477C600F7B846 /* AdSupport.framework */ = {isa = PBXFileReference; lastKnownFileType = wrapper.framework; name = AdSupport.framework; path = System/Library/Frameworks/AdSupport.framework; sourceTree = SDKROOT; };
		5873B79319A477CF00F7B846 /* CoreTelephony.framework */ = {isa = PBXFileReference; lastKnownFileType = wrapper.framework; name = CoreTelephony.framework; path = System/Library/Frameworks/CoreTelephony.framework; sourceTree = SDKROOT; };
		5873B79519A477D600F7B846 /* QuartzCore.framework */ = {isa = PBXFileReference; lastKnownFileType = wrapper.framework; name = QuartzCore.framework; path = System/Library/Frameworks/QuartzCore.framework; sourceTree = SDKROOT; };
		5873B79719A477DD00F7B846 /* StoreKit.framework */ = {isa = PBXFileReference; lastKnownFileType = wrapper.framework; name = StoreKit.framework; path = System/Library/Frameworks/StoreKit.framework; sourceTree = SDKROOT; };
		5873B79919A477E700F7B846 /* libz.dylib */ = {isa = PBXFileReference; lastKnownFileType = "compiled.mach-o.dylib"; name = libz.dylib; path = usr/lib/libz.dylib; sourceTree = SDKROOT; };
		5873B79B19A477F300F7B846 /* CoreMotion.framework */ = {isa = PBXFileReference; lastKnownFileType = wrapper.framework; name = CoreMotion.framework; path = System/Library/Frameworks/CoreMotion.framework; sourceTree = SDKROOT; };
		5873B79D19A477FB00F7B846 /* AudioToolbox.framework */ = {isa = PBXFileReference; lastKnownFileType = wrapper.framework; name = AudioToolbox.framework; path = System/Library/Frameworks/AudioToolbox.framework; sourceTree = SDKROOT; };
		5873B79F19A4780200F7B846 /* AVFoundation.framework */ = {isa = PBXFileReference; lastKnownFileType = wrapper.framework; name = AVFoundation.framework; path = System/Library/Frameworks/AVFoundation.framework; sourceTree = SDKROOT; };
		5873B7A119A4780800F7B846 /* MessageUI.framework */ = {isa = PBXFileReference; lastKnownFileType = wrapper.framework; name = MessageUI.framework; path = System/Library/Frameworks/MessageUI.framework; sourceTree = SDKROOT; };
		5873B7A319A4781200F7B846 /* MediaPlayer.framework */ = {isa = PBXFileReference; lastKnownFileType = wrapper.framework; name = MediaPlayer.framework; path = System/Library/Frameworks/MediaPlayer.framework; sourceTree = SDKROOT; };
		5873B7A519A4781C00F7B846 /* SystemConfiguration.framework */ = {isa = PBXFileReference; lastKnownFileType = wrapper.framework; name = SystemConfiguration.framework; path = System/Library/Frameworks/SystemConfiguration.framework; sourceTree = SDKROOT; };
		5873B7A719A4782200F7B846 /* CoreGraphics.framework */ = {isa = PBXFileReference; lastKnownFileType = wrapper.framework; name = CoreGraphics.framework; path = System/Library/Frameworks/CoreGraphics.framework; sourceTree = SDKROOT; };
		5873B7A919A4782B00F7B846 /* CoreLocation.framework */ = {isa = PBXFileReference; lastKnownFileType = wrapper.framework; name = CoreLocation.framework; path = System/Library/Frameworks/CoreLocation.framework; sourceTree = SDKROOT; };
		5873B84019A4A5EF00F7B846 /* SHAdHelp.m */ = {isa = PBXFileReference; fileEncoding = 4; lastKnownFileType = sourcecode.c.objc; path = SHAdHelp.m; sourceTree = "<group>"; };
		5873B84619A4B09500F7B846 /* SHAdDataSetting.h */ = {isa = PBXFileReference; fileEncoding = 4; lastKnownFileType = sourcecode.c.h; path = SHAdDataSetting.h; sourceTree = "<group>"; };
/* End PBXFileReference section */

/* Begin PBXFrameworksBuildPhase section */
		5873B71719A4776A00F7B846 /* Frameworks */ = {
			isa = PBXFrameworksBuildPhase;
			buildActionMask = 2147483647;
			files = (
				5873B7AA19A4782B00F7B846 /* CoreLocation.framework in Frameworks */,
				5873B7A819A4782200F7B846 /* CoreGraphics.framework in Frameworks */,
				5873B7A619A4781C00F7B846 /* SystemConfiguration.framework in Frameworks */,
				5873B7A419A4781200F7B846 /* MediaPlayer.framework in Frameworks */,
				5873B7A219A4780800F7B846 /* MessageUI.framework in Frameworks */,
				5873B7A019A4780200F7B846 /* AVFoundation.framework in Frameworks */,
				5873B79E19A477FB00F7B846 /* AudioToolbox.framework in Frameworks */,
				5873B79C19A477F300F7B846 /* CoreMotion.framework in Frameworks */,
				5873B79A19A477E700F7B846 /* libz.dylib in Frameworks */,
				5873B79819A477DD00F7B846 /* StoreKit.framework in Frameworks */,
				5873B79619A477D600F7B846 /* QuartzCore.framework in Frameworks */,
				5873B79419A477CF00F7B846 /* CoreTelephony.framework in Frameworks */,
				5873B79219A477C600F7B846 /* AdSupport.framework in Frameworks */,
				5873B79019A477C000F7B846 /* Security.framework in Frameworks */,
				5873B77B19A477A300F7B846 /* libBaiduMobAdSdk.a in Frameworks */,
				5873B71E19A4776A00F7B846 /* Foundation.framework in Frameworks */,
			);
			runOnlyForDeploymentPostprocessing = 0;
		};
		5873B72719A4776A00F7B846 /* Frameworks */ = {
			isa = PBXFrameworksBuildPhase;
			buildActionMask = 2147483647;
			files = (
				5873B73219A4776A00F7B846 /* libBaiduAd.a in Frameworks */,
				5873B72C19A4776A00F7B846 /* XCTest.framework in Frameworks */,
				5873B72F19A4776A00F7B846 /* UIKit.framework in Frameworks */,
				5873B72D19A4776A00F7B846 /* Foundation.framework in Frameworks */,
			);
			runOnlyForDeploymentPostprocessing = 0;
		};
/* End PBXFrameworksBuildPhase section */

/* Begin PBXGroup section */
		5873B71119A4776A00F7B846 = {
			isa = PBXGroup;
			children = (
				5873B71F19A4776A00F7B846 /* BaiduAd */,
				5873B73319A4776A00F7B846 /* BaiduAdTests */,
				5873B71C19A4776A00F7B846 /* Frameworks */,
				5873B71B19A4776A00F7B846 /* Products */,
			);
			sourceTree = "<group>";
		};
		5873B71B19A4776A00F7B846 /* Products */ = {
			isa = PBXGroup;
			children = (
				5873B71A19A4776A00F7B846 /* libBaiduAd.a */,
				5873B72A19A4776A00F7B846 /* BaiduAdTests.xctest */,
			);
			name = Products;
			sourceTree = "<group>";
		};
		5873B71C19A4776A00F7B846 /* Frameworks */ = {
			isa = PBXGroup;
			children = (
				5873B7A919A4782B00F7B846 /* CoreLocation.framework */,
				5873B7A719A4782200F7B846 /* CoreGraphics.framework */,
				5873B7A519A4781C00F7B846 /* SystemConfiguration.framework */,
				5873B7A319A4781200F7B846 /* MediaPlayer.framework */,
				5873B7A119A4780800F7B846 /* MessageUI.framework */,
				5873B79F19A4780200F7B846 /* AVFoundation.framework */,
				5873B79D19A477FB00F7B846 /* AudioToolbox.framework */,
				5873B79B19A477F300F7B846 /* CoreMotion.framework */,
				5873B79919A477E700F7B846 /* libz.dylib */,
				5873B79719A477DD00F7B846 /* StoreKit.framework */,
				5873B79519A477D600F7B846 /* QuartzCore.framework */,
				5873B79319A477CF00F7B846 /* CoreTelephony.framework */,
				5873B79119A477C600F7B846 /* AdSupport.framework */,
				5873B78F19A477C000F7B846 /* Security.framework */,
				5873B71D19A4776A00F7B846 /* Foundation.framework */,
				5873B72B19A4776A00F7B846 /* XCTest.framework */,
				5873B72E19A4776A00F7B846 /* UIKit.framework */,
			);
			name = Frameworks;
			sourceTree = "<group>";
		};
		5873B71F19A4776A00F7B846 /* BaiduAd */ = {
			isa = PBXGroup;
			children = (
				5873B74319A477A300F7B846 /* BaiduUN */,
				5873B72019A4776A00F7B846 /* Supporting Files */,
			);
			path = BaiduAd;
			sourceTree = "<group>";
		};
		5873B72019A4776A00F7B846 /* Supporting Files */ = {
			isa = PBXGroup;
			children = (
				5873B72119A4776A00F7B846 /* BaiduAd-Prefix.pch */,
			);
			name = "Supporting Files";
			sourceTree = "<group>";
		};
		5873B73319A4776A00F7B846 /* BaiduAdTests */ = {
			isa = PBXGroup;
			children = (
				5873B73919A4776A00F7B846 /* BaiduAdTests.m */,
				5873B73419A4776A00F7B846 /* Supporting Files */,
			);
			path = BaiduAdTests;
			sourceTree = "<group>";
		};
		5873B73419A4776A00F7B846 /* Supporting Files */ = {
			isa = PBXGroup;
			children = (
				5873B73519A4776A00F7B846 /* BaiduAdTests-Info.plist */,
				5873B73619A4776A00F7B846 /* InfoPlist.strings */,
			);
			name = "Supporting Files";
			sourceTree = "<group>";
		};
		5873B74319A477A300F7B846 /* BaiduUN */ = {
			isa = PBXGroup;
			children = (
				5873B74419A477A300F7B846 /* BaiduMobAdCommonConfig.h */,
				5873B74519A477A300F7B846 /* BaiduMobAdDelegateProtocol.h */,
				5873B74619A477A300F7B846 /* BaiduMobAdInterstitial.h */,
				5873B74719A477A300F7B846 /* BaiduMobAdInterstitialDelegate.h */,
				5873B74919A477A300F7B846 /* BaiduMobAdView.h */,
				5873B74A19A477A300F7B846 /* libBaiduMobAdSdk.a */,
				5873B74B19A477A300F7B846 /* Mongoose */,
				5873B74E19A477A300F7B846 /* OpenUDID */,
				5873B84619A4B09500F7B846 /* SHAdDataSetting.h */,
				5873B75119A477A300F7B846 /* SHAdHelp.h */,
				5873B84019A4A5EF00F7B846 /* SHAdHelp.m */,
				5873B75319A477A300F7B846 /* SHFullAdHelp.h */,
				5873B75419A477A300F7B846 /* SHFullAdHelp.m */,
				5873B75519A477A300F7B846 /* TouchJSON */,
				5873B76E19A477A300F7B846 /* ZipArchive */,
			);
			path = BaiduUN;
			sourceTree = "<group>";
		};
		5873B74B19A477A300F7B846 /* Mongoose */ = {
			isa = PBXGroup;
			children = (
				5873B74C19A477A300F7B846 /* mongoose.c */,
				5873B74D19A477A300F7B846 /* mongoose.h */,
			);
			path = Mongoose;
			sourceTree = "<group>";
		};
		5873B74E19A477A300F7B846 /* OpenUDID */ = {
			isa = PBXGroup;
			children = (
				5873B74F19A477A300F7B846 /* OpenUDID.h */,
				5873B75019A477A300F7B846 /* OpenUDID.m */,
			);
			path = OpenUDID;
			sourceTree = "<group>";
		};
		5873B75519A477A300F7B846 /* TouchJSON */ = {
			isa = PBXGroup;
			children = (
				5873B75619A477A300F7B846 /* CDataScanner.h */,
				5873B75719A477A300F7B846 /* CDataScanner.m */,
				5873B75819A477A300F7B846 /* Experimental */,
				5873B76119A477A300F7B846 /* Extensions */,
				5873B76619A477A300F7B846 /* JSON */,
			);
			path = TouchJSON;
			sourceTree = "<group>";
		};
		5873B75819A477A300F7B846 /* Experimental */ = {
			isa = PBXGroup;
			children = (
				5873B75919A477A300F7B846 /* CFilteringJSONSerializer.h */,
				5873B75A19A477A300F7B846 /* CFilteringJSONSerializer.m */,
				5873B75B19A477A300F7B846 /* CJSONDeserializer_BlocksExtensions.h */,
				5873B75C19A477A300F7B846 /* CJSONDeserializer_BlocksExtensions.m */,
				5873B75D19A477A300F7B846 /* CJSONSerialization.h */,
				5873B75E19A477A300F7B846 /* CJSONSerialization.m */,
				5873B75F19A477A300F7B846 /* CJSONSerializedData.h */,
				5873B76019A477A300F7B846 /* CJSONSerializedData.m */,
			);
			path = Experimental;
			sourceTree = "<group>";
		};
		5873B76119A477A300F7B846 /* Extensions */ = {
			isa = PBXGroup;
			children = (
				5873B76219A477A300F7B846 /* CDataScanner_Extensions.h */,
				5873B76319A477A300F7B846 /* CDataScanner_Extensions.m */,
				5873B76419A477A300F7B846 /* NSDictionary_JSONExtensions.h */,
				5873B76519A477A300F7B846 /* NSDictionary_JSONExtensions.m */,
			);
			path = Extensions;
			sourceTree = "<group>";
		};
		5873B76619A477A300F7B846 /* JSON */ = {
			isa = PBXGroup;
			children = (
				5873B76719A477A300F7B846 /* CJSONDeserializer.h */,
				5873B76819A477A300F7B846 /* CJSONDeserializer.m */,
				5873B76919A477A300F7B846 /* CJSONScanner.h */,
				5873B76A19A477A300F7B846 /* CJSONScanner.m */,
				5873B76B19A477A300F7B846 /* CJSONSerializer.h */,
				5873B76C19A477A300F7B846 /* CJSONSerializer.m */,
				5873B76D19A477A300F7B846 /* JSONRepresentation.h */,
			);
			path = JSON;
			sourceTree = "<group>";
		};
		5873B76E19A477A300F7B846 /* ZipArchive */ = {
			isa = PBXGroup;
			children = (
				5873B76F19A477A300F7B846 /* minizip */,
				5873B77919A477A300F7B846 /* ZipArchive.h */,
				5873B77A19A477A300F7B846 /* ZipArchive.mm */,
			);
			path = ZipArchive;
			sourceTree = "<group>";
		};
		5873B76F19A477A300F7B846 /* minizip */ = {
			isa = PBXGroup;
			children = (
				5873B77019A477A300F7B846 /* crypt.h */,
				5873B77119A477A300F7B846 /* ioapi.c */,
				5873B77219A477A300F7B846 /* ioapi.h */,
				5873B77319A477A300F7B846 /* mztools.c */,
				5873B77419A477A300F7B846 /* mztools.h */,
				5873B77519A477A300F7B846 /* unzip.c */,
				5873B77619A477A300F7B846 /* unzip.h */,
				5873B77719A477A300F7B846 /* zip.c */,
				5873B77819A477A300F7B846 /* zip.h */,
			);
			path = minizip;
			sourceTree = "<group>";
		};
/* End PBXGroup section */

/* Begin PBXNativeTarget section */
		5873B71919A4776A00F7B846 /* BaiduAd */ = {
			isa = PBXNativeTarget;
			buildConfigurationList = 5873B73D19A4776A00F7B846 /* Build configuration list for PBXNativeTarget "BaiduAd" */;
			buildPhases = (
				5873B71619A4776A00F7B846 /* Sources */,
				5873B71719A4776A00F7B846 /* Frameworks */,
				5873B71819A4776A00F7B846 /* CopyFiles */,
			);
			buildRules = (
			);
			dependencies = (
			);
			name = BaiduAd;
			productName = BaiduAd;
			productReference = 5873B71A19A4776A00F7B846 /* libBaiduAd.a */;
			productType = "com.apple.product-type.library.static";
		};
		5873B72919A4776A00F7B846 /* BaiduAdTests */ = {
			isa = PBXNativeTarget;
			buildConfigurationList = 5873B74019A4776A00F7B846 /* Build configuration list for PBXNativeTarget "BaiduAdTests" */;
			buildPhases = (
				5873B72619A4776A00F7B846 /* Sources */,
				5873B72719A4776A00F7B846 /* Frameworks */,
				5873B72819A4776A00F7B846 /* Resources */,
			);
			buildRules = (
			);
			dependencies = (
				5873B73119A4776A00F7B846 /* PBXTargetDependency */,
			);
			name = BaiduAdTests;
			productName = BaiduAdTests;
			productReference = 5873B72A19A4776A00F7B846 /* BaiduAdTests.xctest */;
			productType = "com.apple.product-type.bundle.unit-test";
		};
/* End PBXNativeTarget section */

/* Begin PBXProject section */
		5873B71219A4776A00F7B846 /* Project object */ = {
			isa = PBXProject;
			attributes = {
				LastUpgradeCheck = 0510;
				ORGANIZATIONNAME = sherwin;
			};
			buildConfigurationList = 5873B71519A4776A00F7B846 /* Build configuration list for PBXProject "BaiduAd" */;
			compatibilityVersion = "Xcode 3.2";
			developmentRegion = English;
			hasScannedForEncodings = 0;
			knownRegions = (
				en,
			);
			mainGroup = 5873B71119A4776A00F7B846;
			productRefGroup = 5873B71B19A4776A00F7B846 /* Products */;
			projectDirPath = "";
			projectRoot = "";
			targets = (
				5873B71919A4776A00F7B846 /* BaiduAd */,
				5873B72919A4776A00F7B846 /* BaiduAdTests */,
			);
		};
/* End PBXProject section */

/* Begin PBXResourcesBuildPhase section */
		5873B72819A4776A00F7B846 /* Resources */ = {
			isa = PBXResourcesBuildPhase;
			buildActionMask = 2147483647;
			files = (
				5873B73819A4776A00F7B846 /* InfoPlist.strings in Resources */,
			);
			runOnlyForDeploymentPostprocessing = 0;
		};
/* End PBXResourcesBuildPhase section */

/* Begin PBXSourcesBuildPhase section */
		5873B71619A4776A00F7B846 /* Sources */ = {
			isa = PBXSourcesBuildPhase;
			buildActionMask = 2147483647;
			files = (
				5873B78619A477A300F7B846 /* NSDictionary_JSONExtensions.m in Sources */,
				5873B77C19A477A300F7B846 /* mongoose.c in Sources */,
				5873B78B19A477A300F7B846 /* mztools.c in Sources */,
				5873B78D19A477A300F7B846 /* zip.c in Sources */,
				5873B77F19A477A300F7B846 /* SHFullAdHelp.m in Sources */,
				5873B78319A477A300F7B846 /* CJSONSerialization.m in Sources */,
				5873B77D19A477A300F7B846 /* OpenUDID.m in Sources */,
				5873B78919A477A300F7B846 /* CJSONSerializer.m in Sources */,
				5873B78519A477A300F7B846 /* CDataScanner_Extensions.m in Sources */,
				5873B78719A477A300F7B846 /* CJSONDeserializer.m in Sources */,
				5873B84119A4A5EF00F7B846 /* SHAdHelp.m in Sources */,
				5873B78819A477A300F7B846 /* CJSONScanner.m in Sources */,
				5873B78A19A477A300F7B846 /* ioapi.c in Sources */,
				5873B78C19A477A300F7B846 /* unzip.c in Sources */,
				5873B78419A477A300F7B846 /* CJSONSerializedData.m in Sources */,
				5873B78119A477A300F7B846 /* CFilteringJSONSerializer.m in Sources */,
				5873B78E19A477A300F7B846 /* ZipArchive.mm in Sources */,
				5873B78219A477A300F7B846 /* CJSONDeserializer_BlocksExtensions.m in Sources */,
				5873B78019A477A300F7B846 /* CDataScanner.m in Sources */,
			);
			runOnlyForDeploymentPostprocessing = 0;
		};
		5873B72619A4776A00F7B846 /* Sources */ = {
			isa = PBXSourcesBuildPhase;
			buildActionMask = 2147483647;
			files = (
				5873B73A19A4776A00F7B846 /* BaiduAdTests.m in Sources */,
			);
			runOnlyForDeploymentPostprocessing = 0;
		};
/* End PBXSourcesBuildPhase section */

/* Begin PBXTargetDependency section */
		5873B73119A4776A00F7B846 /* PBXTargetDependency */ = {
			isa = PBXTargetDependency;
			target = 5873B71919A4776A00F7B846 /* BaiduAd */;
			targetProxy = 5873B73019A4776A00F7B846 /* PBXContainerItemProxy */;
		};
/* End PBXTargetDependency section */

/* Begin PBXVariantGroup section */
		5873B73619A4776A00F7B846 /* InfoPlist.strings */ = {
			isa = PBXVariantGroup;
			children = (
				5873B73719A4776A00F7B846 /* en */,
			);
			name = InfoPlist.strings;
			sourceTree = "<group>";
		};
/* End PBXVariantGroup section */

/* Begin XCBuildConfiguration section */
		5873B73B19A4776A00F7B846 /* Debug */ = {
			isa = XCBuildConfiguration;
			buildSettings = {
				ALWAYS_SEARCH_USER_PATHS = NO;
				CLANG_CXX_LANGUAGE_STANDARD = "gnu++0x";
				CLANG_CXX_LIBRARY = "libc++";
				CLANG_ENABLE_MODULES = YES;
				CLANG_ENABLE_OBJC_ARC = YES;
				CLANG_WARN_BOOL_CONVERSION = YES;
				CLANG_WARN_CONSTANT_CONVERSION = YES;
				CLANG_WARN_DIRECT_OBJC_ISA_USAGE = YES_ERROR;
				CLANG_WARN_EMPTY_BODY = YES;
				CLANG_WARN_ENUM_CONVERSION = YES;
				CLANG_WARN_INT_CONVERSION = YES;
				CLANG_WARN_OBJC_ROOT_CLASS = YES_ERROR;
				CLANG_WARN__DUPLICATE_METHOD_MATCH = YES;
				COPY_PHASE_STRIP = NO;
				GCC_C_LANGUAGE_STANDARD = gnu99;
				GCC_DYNAMIC_NO_PIC = NO;
				GCC_OPTIMIZATION_LEVEL = 0;
				GCC_PREPROCESSOR_DEFINITIONS = (
					"DEBUG=1",
					"$(inherited)",
				);
				GCC_SYMBOLS_PRIVATE_EXTERN = NO;
				GCC_WARN_64_TO_32_BIT_CONVERSION = YES;
				GCC_WARN_ABOUT_RETURN_TYPE = YES_ERROR;
				GCC_WARN_UNDECLARED_SELECTOR = YES;
				GCC_WARN_UNINITIALIZED_AUTOS = YES_AGGRESSIVE;
				GCC_WARN_UNUSED_FUNCTION = YES;
				GCC_WARN_UNUSED_VARIABLE = YES;
				IPHONEOS_DEPLOYMENT_TARGET = 7.1;
				ONLY_ACTIVE_ARCH = YES;
				SDKROOT = iphoneos;
			};
			name = Debug;
		};
		5873B73C19A4776A00F7B846 /* Release */ = {
			isa = XCBuildConfiguration;
			buildSettings = {
				ALWAYS_SEARCH_USER_PATHS = NO;
				CLANG_CXX_LANGUAGE_STANDARD = "gnu++0x";
				CLANG_CXX_LIBRARY = "libc++";
				CLANG_ENABLE_MODULES = YES;
				CLANG_ENABLE_OBJC_ARC = YES;
				CLANG_WARN_BOOL_CONVERSION = YES;
				CLANG_WARN_CONSTANT_CONVERSION = YES;
				CLANG_WARN_DIRECT_OBJC_ISA_USAGE = YES_ERROR;
				CLANG_WARN_EMPTY_BODY = YES;
				CLANG_WARN_ENUM_CONVERSION = YES;
				CLANG_WARN_INT_CONVERSION = YES;
				CLANG_WARN_OBJC_ROOT_CLASS = YES_ERROR;
				CLANG_WARN__DUPLICATE_METHOD_MATCH = YES;
				COPY_PHASE_STRIP = YES;
				ENABLE_NS_ASSERTIONS = NO;
				GCC_C_LANGUAGE_STANDARD = gnu99;
				GCC_WARN_64_TO_32_BIT_CONVERSION = YES;
				GCC_WARN_ABOUT_RETURN_TYPE = YES_ERROR;
				GCC_WARN_UNDECLARED_SELECTOR = YES;
				GCC_WARN_UNINITIALIZED_AUTOS = YES_AGGRESSIVE;
				GCC_WARN_UNUSED_FUNCTION = YES;
				GCC_WARN_UNUSED_VARIABLE = YES;
				IPHONEOS_DEPLOYMENT_TARGET = 7.1;
				SDKROOT = iphoneos;
				VALIDATE_PRODUCT = YES;
			};
			name = Release;
		};
		5873B73E19A4776A00F7B846 /* Debug */ = {
			isa = XCBuildConfiguration;
			buildSettings = {
				CLANG_ENABLE_OBJC_ARC = NO;
				DSTROOT = /tmp/BaiduAd.dst;
				FRAMEWORK_SEARCH_PATHS = "\"$(SYSTEM_APPS_DIR)/Xcode.app/Contents/Developer/Library/Frameworks\"";
				GCC_PRECOMPILE_PREFIX_HEADER = YES;
				GCC_PREFIX_HEADER = "BaiduAd/BaiduAd-Prefix.pch";
				HEADER_SEARCH_PATHS = (
					"$(inherited)",
					/Applications/Xcode.app/Contents/Developer/Toolchains/XcodeDefault.xctoolchain/usr/include,
					/Applications/Xcode.app/Contents/Developer/Toolchains/XcodeDefault.xctoolchain/usr/include,
				);
				LIBRARY_SEARCH_PATHS = (
					"$(inherited)",
					"$(PROJECT_DIR)/BaiduAd/BaiduUN",
				);
				OTHER_LDFLAGS = "-ObjC";
				PRODUCT_NAME = "$(TARGET_NAME)";
				SKIP_INSTALL = YES;
				VALID_ARCHS = "armv7 armv7s";
			};
			name = Debug;
		};
		5873B73F19A4776A00F7B846 /* Release */ = {
			isa = XCBuildConfiguration;
			buildSettings = {
				CLANG_ENABLE_OBJC_ARC = NO;
				DSTROOT = /tmp/BaiduAd.dst;
				FRAMEWORK_SEARCH_PATHS = "\"$(SYSTEM_APPS_DIR)/Xcode.app/Contents/Developer/Library/Frameworks\"";
				GCC_PRECOMPILE_PREFIX_HEADER = YES;
				GCC_PREFIX_HEADER = "BaiduAd/BaiduAd-Prefix.pch";
				HEADER_SEARCH_PATHS = (
					"$(inherited)",
					/Applications/Xcode.app/Contents/Developer/Toolchains/XcodeDefault.xctoolchain/usr/include,
					/Applications/Xcode.app/Contents/Developer/Toolchains/XcodeDefault.xctoolchain/usr/include,
				);
				LIBRARY_SEARCH_PATHS = (
					"$(inherited)",
					"$(PROJECT_DIR)/BaiduAd/BaiduUN",
				);
				OTHER_LDFLAGS = "-ObjC";
				PRODUCT_NAME = "$(TARGET_NAME)";
				SKIP_INSTALL = YES;
				VALID_ARCHS = "armv7 armv7s";
			};
			name = Release;
		};
		5873B74119A4776A00F7B846 /* Debug */ = {
			isa = XCBuildConfiguration;
			buildSettings = {
				FRAMEWORK_SEARCH_PATHS = (
					"$(SDKROOT)/Developer/Library/Frameworks",
					"$(inherited)",
					"$(DEVELOPER_FRAMEWORKS_DIR)",
				);
				GCC_PRECOMPILE_PREFIX_HEADER = YES;
				GCC_PREFIX_HEADER = "BaiduAd/BaiduAd-Prefix.pch";
				GCC_PREPROCESSOR_DEFINITIONS = (
					"DEBUG=1",
					"$(inherited)",
				);
				INFOPLIST_FILE = "BaiduAdTests/BaiduAdTests-Info.plist";
				PRODUCT_NAME = "$(TARGET_NAME)";
				WRAPPER_EXTENSION = xctest;
			};
			name = Debug;
		};
		5873B74219A4776A00F7B846 /* Release */ = {
			isa = XCBuildConfiguration;
			buildSettings = {
				FRAMEWORK_SEARCH_PATHS = (
					"$(SDKROOT)/Developer/Library/Frameworks",
					"$(inherited)",
					"$(DEVELOPER_FRAMEWORKS_DIR)",
				);
				GCC_PRECOMPILE_PREFIX_HEADER = YES;
				GCC_PREFIX_HEADER = "BaiduAd/BaiduAd-Prefix.pch";
				INFOPLIST_FILE = "BaiduAdTests/BaiduAdTests-Info.plist";
				PRODUCT_NAME = "$(TARGET_NAME)";
				WRAPPER_EXTENSION = xctest;
			};
			name = Release;
		};
/* End XCBuildConfiguration section */

/* Begin XCConfigurationList section */
		5873B71519A4776A00F7B846 /* Build configuration list for PBXProject "BaiduAd" */ = {
			isa = XCConfigurationList;
			buildConfigurations = (
				5873B73B19A4776A00F7B846 /* Debug */,
				5873B73C19A4776A00F7B846 /* Release */,
			);
			defaultConfigurationIsVisible = 0;
			defaultConfigurationName = Release;
		};
		5873B73D19A4776A00F7B846 /* Build configuration list for PBXNativeTarget "BaiduAd" */ = {
			isa = XCConfigurationList;
			buildConfigurations = (
				5873B73E19A4776A00F7B846 /* Debug */,
				5873B73F19A4776A00F7B846 /* Release */,
			);
			defaultConfigurationIsVisible = 0;
			defaultConfigurationName = Release;
		};
		5873B74019A4776A00F7B846 /* Build configuration list for PBXNativeTarget "BaiduAdTests" */ = {
			isa = XCConfigurationList;
			buildConfigurations = (
				5873B74119A4776A00F7B846 /* Debug */,
				5873B74219A4776A00F7B846 /* Release */,
			);
			defaultConfigurationIsVisible = 0;
			defaultConfigurationName = Release;
		};
/* End XCConfigurationList section */
	};
	rootObject = 5873B71219A4776A00F7B846 /* Project object */;
}
